
Microsoft Visual Studio Solution File, Format Version 12.00
# Visual Studio Version 17
VisualStudioVersion = 17.1.32228.430
MinimumVisualStudioVersion = 10.0.40219.1
Project("{FAE04EC0-301F-11D3-BF4B-00C04F79EFBC}") = "Task 8.1", "Task 8.1\Task 8.1.csproj", "{64C81F9B-4F5E-4607-A00A-3EDDCBC92374}"
EndProject
Global
	GlobalSection(SolutionConfigurationPlatforms) = preSolution
		Debug|Any CPU = Debug|Any CPU
		Release|Any CPU = Release|Any CPU
	EndGlobalSection
	GlobalSection(ProjectConfigurationPlatforms) = postSolution
		{64C81F9B-4F5E-4607-A00A-3EDDCBC92374}.Debug|Any CPU.ActiveCfg = Debug|Any CPU
		{64C81F9B-4F5E-4607-A00A-3EDDCBC92374}.Debug|Any CPU.Build.0 = Debug|Any CPU
		{64C81F9B-4F5E-4607-A00A-3EDDCBC92374}.Release|Any CPU.ActiveCfg = Release|Any CPU
		{64C81F9B-4F5E-4607-A00A-3EDDCBC92374}.Release|Any CPU.Build.0 = Release|Any CPU
	EndGlobalSection
	GlobalSection(SolutionProperties) = preSolution
		HideSolutionNode = FALSE
	EndGlobalSection
	GlobalSection(ExtensibilityGlobals) = postSolution
		SolutionGuid = {E7401B89-39D3-4593-BF3D-71E4B2BC7444}
	EndGlobalSection
EndGlobal
