
Microsoft Visual Studio Solution File, Format Version 12.00
# Visual Studio Version 17
VisualStudioVersion = 17.1.32228.430
MinimumVisualStudioVersion = 10.0.40219.1
Project("{9A19103F-16F7-4668-BE54-9A1E7A4F7556}") = "Clock", "Clock\Clock.csproj", "{BE01F08B-DA56-400B-A412-8D1C5B7EE879}"
EndProject
Project("{FAE04EC0-301F-11D3-BF4B-00C04F79EFBC}") = "CounterTest", "CounterTest\CounterTest.csproj", "{77941409-92B1-4FBF-B1C1-0F2AAFEE33EF}"
EndProject
Global
	GlobalSection(SolutionConfigurationPlatforms) = preSolution
		Debug|Any CPU = Debug|Any CPU
		Release|Any CPU = Release|Any CPU
	EndGlobalSection
	GlobalSection(ProjectConfigurationPlatforms) = postSolution
		{BE01F08B-DA56-400B-A412-8D1C5B7EE879}.Debug|Any CPU.ActiveCfg = Debug|Any CPU
		{BE01F08B-DA56-400B-A412-8D1C5B7EE879}.Debug|Any CPU.Build.0 = Debug|Any CPU
		{BE01F08B-DA56-400B-A412-8D1C5B7EE879}.Release|Any CPU.ActiveCfg = Release|Any CPU
		{BE01F08B-DA56-400B-A412-8D1C5B7EE879}.Release|Any CPU.Build.0 = Release|Any CPU
		{77941409-92B1-4FBF-B1C1-0F2AAFEE33EF}.Debug|Any CPU.ActiveCfg = Debug|Any CPU
		{77941409-92B1-4FBF-B1C1-0F2AAFEE33EF}.Debug|Any CPU.Build.0 = Debug|Any CPU
		{77941409-92B1-4FBF-B1C1-0F2AAFEE33EF}.Release|Any CPU.ActiveCfg = Release|Any CPU
		{77941409-92B1-4FBF-B1C1-0F2AAFEE33EF}.Release|Any CPU.Build.0 = Release|Any CPU
	EndGlobalSection
	GlobalSection(SolutionProperties) = preSolution
		HideSolutionNode = FALSE
	EndGlobalSection
	GlobalSection(ExtensibilityGlobals) = postSolution
		SolutionGuid = {7B7141C9-72AE-474A-85DC-0AB4D3D16D21}
	EndGlobalSection
EndGlobal
