
Microsoft Visual Studio Solution File, Format Version 12.00
# Visual Studio Version 17
VisualStudioVersion = 17.1.32228.430
MinimumVisualStudioVersion = 10.0.40219.1
Project("{9A19103F-16F7-4668-BE54-9A1E7A4F7556}") = "CaseStudyIteration1", "CaseStudyIteration1\CaseStudyIteration1.csproj", "{03446F5A-31F5-4107-8C1D-EC28D8280DA8}"
EndProject
Project("{FAE04EC0-301F-11D3-BF4B-00C04F79EFBC}") = "NunitTests", "NunitTests\NunitTests.csproj", "{824EFDD6-B57F-4AF2-A8B4-AA8E1EAE2CD0}"
EndProject
Global
	GlobalSection(SolutionConfigurationPlatforms) = preSolution
		Debug|Any CPU = Debug|Any CPU
		Release|Any CPU = Release|Any CPU
	EndGlobalSection
	GlobalSection(ProjectConfigurationPlatforms) = postSolution
		{03446F5A-31F5-4107-8C1D-EC28D8280DA8}.Debug|Any CPU.ActiveCfg = Debug|Any CPU
		{03446F5A-31F5-4107-8C1D-EC28D8280DA8}.Debug|Any CPU.Build.0 = Debug|Any CPU
		{03446F5A-31F5-4107-8C1D-EC28D8280DA8}.Release|Any CPU.ActiveCfg = Release|Any CPU
		{03446F5A-31F5-4107-8C1D-EC28D8280DA8}.Release|Any CPU.Build.0 = Release|Any CPU
		{824EFDD6-B57F-4AF2-A8B4-AA8E1EAE2CD0}.Debug|Any CPU.ActiveCfg = Debug|Any CPU
		{824EFDD6-B57F-4AF2-A8B4-AA8E1EAE2CD0}.Debug|Any CPU.Build.0 = Debug|Any CPU
		{824EFDD6-B57F-4AF2-A8B4-AA8E1EAE2CD0}.Release|Any CPU.ActiveCfg = Release|Any CPU
		{824EFDD6-B57F-4AF2-A8B4-AA8E1EAE2CD0}.Release|Any CPU.Build.0 = Release|Any CPU
	EndGlobalSection
	GlobalSection(SolutionProperties) = preSolution
		HideSolutionNode = FALSE
	EndGlobalSection
	GlobalSection(ExtensibilityGlobals) = postSolution
		SolutionGuid = {F19207C0-2FF4-4124-8830-ED546B065AAD}
	EndGlobalSection
EndGlobal
